
Microsoft Visual Studio Solution File, Format Version 12.00
# Visual Studio Version 17
VisualStudioVersion = 17.14.36221.1
MinimumVisualStudioVersion = 10.0.40219.1
Project("{2150E333-8FDC-42A3-9474-1A3956D46DE8}") = "MicroservicesEK", "MicroservicesEK", "{02EA681E-C7D8-13C7-8484-4AC65E1B71E8}"
EndProject
Project("{2150E333-8FDC-42A3-9474-1A3956D46DE8}") = "Microservices", "Microservices", "{372956C8-0978-48AF-9A40-307763887AD6}"
EndProject
Project("{2150E333-8FDC-42A3-9474-1A3956D46DE8}") = "CQRS", "CQRS", "{2BF2E541-EDB7-4ECB-A514-0F521078AF50}"
EndProject
Project("{2150E333-8FDC-42A3-9474-1A3956D46DE8}") = "Command", "Command", "{65997338-D499-46EC-A532-B8594DB54BA1}"
EndProject
Project("{2150E333-8FDC-42A3-9474-1A3956D46DE8}") = "Query", "Query", "{61EFE6EC-CB0C-43A0-9FF7-2E823E5CA470}"
EndProject
Project("{FAE04EC0-301F-11D3-BF4B-00C04F79EFBC}") = "EK.Microservices.Cqrs.Core", "EK.Microservices.Cqrs.Core\EK.Microservices.Cqrs.Core.csproj", "{AE915075-B0CF-4323-906F-B6E4E86E2EE0}"
EndProject
Project("{2150E333-8FDC-42A3-9474-1A3956D46DE8}") = "Api", "Api", "{C9B9F81D-05D7-42BE-B0F8-701B1D0A6693}"
EndProject
Project("{2150E333-8FDC-42A3-9474-1A3956D46DE8}") = "Application", "Application", "{3183935E-C995-4D91-B6B8-B904022FA366}"
EndProject
Project("{2150E333-8FDC-42A3-9474-1A3956D46DE8}") = "Domain", "Domain", "{72D3CA85-03D9-445F-9306-01BC3A4D6977}"
EndProject
Project("{2150E333-8FDC-42A3-9474-1A3956D46DE8}") = "Infrastructure", "Infrastructure", "{218892CD-D7BD-49F9-A1DC-A0BBE6BE1149}"
EndProject
Project("{FAE04EC0-301F-11D3-BF4B-00C04F79EFBC}") = "Microservices.Ek.Command.Domain", "Microservices.Ek.Command.Domain\Microservices.Ek.Command.Domain.csproj", "{245D9540-3715-4656-BDE3-3843262CAC58}"
EndProject
Project("{FAE04EC0-301F-11D3-BF4B-00C04F79EFBC}") = "EK.Microservices.Command.Application", "EK.Microservices.Command.Application\EK.Microservices.Command.Application.csproj", "{6D948B12-6D6B-413A-BCA2-84B103B4BA92}"
EndProject
Project("{FAE04EC0-301F-11D3-BF4B-00C04F79EFBC}") = "EK.Microservices.Command.Infrastructure", "EK.Microservices.Command.Infrastructure\EK.Microservices.Command.Infrastructure.csproj", "{529ABE0F-EFBA-4ACE-9246-605EF0AEC0E3}"
EndProject
Project("{FAE04EC0-301F-11D3-BF4B-00C04F79EFBC}") = "Microservices.EK.Command.Api", "Microservices.EK.Command.Api\Microservices.EK.Command.Api.csproj", "{17375CD5-5785-4BD2-B12B-A2EB665A8382}"
EndProject
Project("{2150E333-8FDC-42A3-9474-1A3956D46DE8}") = "Api", "Api", "{51023AA2-E3DD-475B-8167-E815E248D13E}"
EndProject
Project("{2150E333-8FDC-42A3-9474-1A3956D46DE8}") = "Application", "Application", "{6A33DA3F-10CD-4BA5-8033-BFE0A41757B5}"
EndProject
Project("{2150E333-8FDC-42A3-9474-1A3956D46DE8}") = "Domain", "Domain", "{05D5CFBC-35FE-4CFF-B881-A33C94D0735C}"
EndProject
Project("{2150E333-8FDC-42A3-9474-1A3956D46DE8}") = "Infrastructure", "Infrastructure", "{59B2C349-38AC-41A6-9D50-2DFBDF4C3A5F}"
EndProject
Project("{2150E333-8FDC-42A3-9474-1A3956D46DE8}") = "Consumer", "Consumer", "{7256FD8A-8619-4D7B-BEF5-AEE3BD415444}"
EndProject
Project("{FAE04EC0-301F-11D3-BF4B-00C04F79EFBC}") = "Microservices.Ek.Query.Domain", "Microservices.Ek.Query.Domain\Microservices.Ek.Query.Domain.csproj", "{FCF0F9FC-C53C-42C6-B93F-41A6B2EEBA17}"
EndProject
Project("{FAE04EC0-301F-11D3-BF4B-00C04F79EFBC}") = "Microservices.Ek.Query.Infrastructure", "Microservices.Ek.Query.Infrastructure\Microservices.Ek.Query.Infrastructure.csproj", "{F9563BD1-9FE0-4782-A89D-5BDDBD23C96B}"
EndProject
Project("{FAE04EC0-301F-11D3-BF4B-00C04F79EFBC}") = "Microservices.Ek.Query.Application", "Microservices.Ek,Query,Application\Microservices.Ek.Query.Application.csproj", "{DF7137DC-8830-4D30-879F-1CE9C337A01B}"
EndProject
Project("{FAE04EC0-301F-11D3-BF4B-00C04F79EFBC}") = "Microservices.Ek.Query.Consumer", "Microservices.Ek.Query.Consumer\Microservices.Ek.Query.Consumer.csproj", "{1779C182-C13C-4E66-A57D-DC5D97653310}"
EndProject
Project("{2150E333-8FDC-42A3-9474-1A3956D46DE8}") = "Elementos de la solución", "Elementos de la solución", "{D107F4C8-89CC-BEA8-D3D7-CA6B7733353D}"
	ProjectSection(SolutionItems) = preProject
		.gitignore = .gitignore
	EndProjectSection
EndProject
Global
	GlobalSection(SolutionConfigurationPlatforms) = preSolution
		Debug|Any CPU = Debug|Any CPU
		Release|Any CPU = Release|Any CPU
	EndGlobalSection
	GlobalSection(ProjectConfigurationPlatforms) = postSolution
		{AE915075-B0CF-4323-906F-B6E4E86E2EE0}.Debug|Any CPU.ActiveCfg = Debug|Any CPU
		{AE915075-B0CF-4323-906F-B6E4E86E2EE0}.Debug|Any CPU.Build.0 = Debug|Any CPU
		{AE915075-B0CF-4323-906F-B6E4E86E2EE0}.Release|Any CPU.ActiveCfg = Release|Any CPU
		{AE915075-B0CF-4323-906F-B6E4E86E2EE0}.Release|Any CPU.Build.0 = Release|Any CPU
		{245D9540-3715-4656-BDE3-3843262CAC58}.Debug|Any CPU.ActiveCfg = Debug|Any CPU
		{245D9540-3715-4656-BDE3-3843262CAC58}.Debug|Any CPU.Build.0 = Debug|Any CPU
		{245D9540-3715-4656-BDE3-3843262CAC58}.Release|Any CPU.ActiveCfg = Release|Any CPU
		{245D9540-3715-4656-BDE3-3843262CAC58}.Release|Any CPU.Build.0 = Release|Any CPU
		{6D948B12-6D6B-413A-BCA2-84B103B4BA92}.Debug|Any CPU.ActiveCfg = Debug|Any CPU
		{6D948B12-6D6B-413A-BCA2-84B103B4BA92}.Debug|Any CPU.Build.0 = Debug|Any CPU
		{6D948B12-6D6B-413A-BCA2-84B103B4BA92}.Release|Any CPU.ActiveCfg = Release|Any CPU
		{6D948B12-6D6B-413A-BCA2-84B103B4BA92}.Release|Any CPU.Build.0 = Release|Any CPU
		{529ABE0F-EFBA-4ACE-9246-605EF0AEC0E3}.Debug|Any CPU.ActiveCfg = Debug|Any CPU
		{529ABE0F-EFBA-4ACE-9246-605EF0AEC0E3}.Debug|Any CPU.Build.0 = Debug|Any CPU
		{529ABE0F-EFBA-4ACE-9246-605EF0AEC0E3}.Release|Any CPU.ActiveCfg = Release|Any CPU
		{529ABE0F-EFBA-4ACE-9246-605EF0AEC0E3}.Release|Any CPU.Build.0 = Release|Any CPU
		{17375CD5-5785-4BD2-B12B-A2EB665A8382}.Debug|Any CPU.ActiveCfg = Debug|Any CPU
		{17375CD5-5785-4BD2-B12B-A2EB665A8382}.Debug|Any CPU.Build.0 = Debug|Any CPU
		{17375CD5-5785-4BD2-B12B-A2EB665A8382}.Release|Any CPU.ActiveCfg = Release|Any CPU
		{17375CD5-5785-4BD2-B12B-A2EB665A8382}.Release|Any CPU.Build.0 = Release|Any CPU
		{FCF0F9FC-C53C-42C6-B93F-41A6B2EEBA17}.Debug|Any CPU.ActiveCfg = Debug|Any CPU
		{FCF0F9FC-C53C-42C6-B93F-41A6B2EEBA17}.Debug|Any CPU.Build.0 = Debug|Any CPU
		{FCF0F9FC-C53C-42C6-B93F-41A6B2EEBA17}.Release|Any CPU.ActiveCfg = Release|Any CPU
		{FCF0F9FC-C53C-42C6-B93F-41A6B2EEBA17}.Release|Any CPU.Build.0 = Release|Any CPU
		{F9563BD1-9FE0-4782-A89D-5BDDBD23C96B}.Debug|Any CPU.ActiveCfg = Debug|Any CPU
		{F9563BD1-9FE0-4782-A89D-5BDDBD23C96B}.Debug|Any CPU.Build.0 = Debug|Any CPU
		{F9563BD1-9FE0-4782-A89D-5BDDBD23C96B}.Release|Any CPU.ActiveCfg = Release|Any CPU
		{F9563BD1-9FE0-4782-A89D-5BDDBD23C96B}.Release|Any CPU.Build.0 = Release|Any CPU
		{DF7137DC-8830-4D30-879F-1CE9C337A01B}.Debug|Any CPU.ActiveCfg = Debug|Any CPU
		{DF7137DC-8830-4D30-879F-1CE9C337A01B}.Debug|Any CPU.Build.0 = Debug|Any CPU
		{DF7137DC-8830-4D30-879F-1CE9C337A01B}.Release|Any CPU.ActiveCfg = Release|Any CPU
		{DF7137DC-8830-4D30-879F-1CE9C337A01B}.Release|Any CPU.Build.0 = Release|Any CPU
		{1779C182-C13C-4E66-A57D-DC5D97653310}.Debug|Any CPU.ActiveCfg = Debug|Any CPU
		{1779C182-C13C-4E66-A57D-DC5D97653310}.Debug|Any CPU.Build.0 = Debug|Any CPU
		{1779C182-C13C-4E66-A57D-DC5D97653310}.Release|Any CPU.ActiveCfg = Release|Any CPU
		{1779C182-C13C-4E66-A57D-DC5D97653310}.Release|Any CPU.Build.0 = Release|Any CPU
	EndGlobalSection
	GlobalSection(SolutionProperties) = preSolution
		HideSolutionNode = FALSE
	EndGlobalSection
	GlobalSection(NestedProjects) = preSolution
		{372956C8-0978-48AF-9A40-307763887AD6} = {02EA681E-C7D8-13C7-8484-4AC65E1B71E8}
		{65997338-D499-46EC-A532-B8594DB54BA1} = {372956C8-0978-48AF-9A40-307763887AD6}
		{61EFE6EC-CB0C-43A0-9FF7-2E823E5CA470} = {372956C8-0978-48AF-9A40-307763887AD6}
		{AE915075-B0CF-4323-906F-B6E4E86E2EE0} = {2BF2E541-EDB7-4ECB-A514-0F521078AF50}
		{C9B9F81D-05D7-42BE-B0F8-701B1D0A6693} = {65997338-D499-46EC-A532-B8594DB54BA1}
		{3183935E-C995-4D91-B6B8-B904022FA366} = {65997338-D499-46EC-A532-B8594DB54BA1}
		{72D3CA85-03D9-445F-9306-01BC3A4D6977} = {65997338-D499-46EC-A532-B8594DB54BA1}
		{218892CD-D7BD-49F9-A1DC-A0BBE6BE1149} = {65997338-D499-46EC-A532-B8594DB54BA1}
		{245D9540-3715-4656-BDE3-3843262CAC58} = {72D3CA85-03D9-445F-9306-01BC3A4D6977}
		{6D948B12-6D6B-413A-BCA2-84B103B4BA92} = {3183935E-C995-4D91-B6B8-B904022FA366}
		{529ABE0F-EFBA-4ACE-9246-605EF0AEC0E3} = {218892CD-D7BD-49F9-A1DC-A0BBE6BE1149}
		{17375CD5-5785-4BD2-B12B-A2EB665A8382} = {C9B9F81D-05D7-42BE-B0F8-701B1D0A6693}
		{51023AA2-E3DD-475B-8167-E815E248D13E} = {61EFE6EC-CB0C-43A0-9FF7-2E823E5CA470}
		{6A33DA3F-10CD-4BA5-8033-BFE0A41757B5} = {61EFE6EC-CB0C-43A0-9FF7-2E823E5CA470}
		{05D5CFBC-35FE-4CFF-B881-A33C94D0735C} = {61EFE6EC-CB0C-43A0-9FF7-2E823E5CA470}
		{59B2C349-38AC-41A6-9D50-2DFBDF4C3A5F} = {61EFE6EC-CB0C-43A0-9FF7-2E823E5CA470}
		{7256FD8A-8619-4D7B-BEF5-AEE3BD415444} = {61EFE6EC-CB0C-43A0-9FF7-2E823E5CA470}
		{FCF0F9FC-C53C-42C6-B93F-41A6B2EEBA17} = {05D5CFBC-35FE-4CFF-B881-A33C94D0735C}
		{F9563BD1-9FE0-4782-A89D-5BDDBD23C96B} = {59B2C349-38AC-41A6-9D50-2DFBDF4C3A5F}
		{DF7137DC-8830-4D30-879F-1CE9C337A01B} = {6A33DA3F-10CD-4BA5-8033-BFE0A41757B5}
		{1779C182-C13C-4E66-A57D-DC5D97653310} = {7256FD8A-8619-4D7B-BEF5-AEE3BD415444}
	EndGlobalSection
	GlobalSection(ExtensibilityGlobals) = postSolution
		SolutionGuid = {6BA6F7FB-2A16-4CDF-A563-2577A4AA2097}
	EndGlobalSection
EndGlobal
