
Microsoft Visual Studio Solution File, Format Version 12.00
# Visual Studio Version 17
VisualStudioVersion = 17.14.36221.1
MinimumVisualStudioVersion = 10.0.40219.1
Project("{2150E333-8FDC-42A3-9474-1A3956D46DE8}") = "MicroservicesEK", "MicroservicesEK", "{02EA681E-C7D8-13C7-8484-4AC65E1B71E8}"
EndProject
Project("{2150E333-8FDC-42A3-9474-1A3956D46DE8}") = "Microservices", "Microservices", "{372956C8-0978-48AF-9A40-307763887AD6}"
EndProject
Project("{2150E333-8FDC-42A3-9474-1A3956D46DE8}") = "CQRS", "CQRS", "{2BF2E541-EDB7-4ECB-A514-0F521078AF50}"
EndProject
Project("{2150E333-8FDC-42A3-9474-1A3956D46DE8}") = "Command", "Command", "{65997338-D499-46EC-A532-B8594DB54BA1}"
EndProject
Project("{FAE04EC0-301F-11D3-BF4B-00C04F79EFBC}") = "EK.Microservices.Cqrs.Core", "EK.Microservices.Cqrs.Core\EK.Microservices.Cqrs.Core.csproj", "{AE915075-B0CF-4323-906F-B6E4E86E2EE0}"
EndProject
Project("{2150E333-8FDC-42A3-9474-1A3956D46DE8}") = "Api", "Api", "{C9B9F81D-05D7-42BE-B0F8-701B1D0A6693}"
EndProject
Project("{2150E333-8FDC-42A3-9474-1A3956D46DE8}") = "Application", "Application", "{3183935E-C995-4D91-B6B8-B904022FA366}"
EndProject
Project("{2150E333-8FDC-42A3-9474-1A3956D46DE8}") = "Infrastructure", "Infrastructure", "{218892CD-D7BD-49F9-A1DC-A0BBE6BE1149}"
EndProject
Project("{FAE04EC0-301F-11D3-BF4B-00C04F79EFBC}") = "EK.Microservices.Command.Application", "EK.Microservices.Command.Application\EK.Microservices.Command.Application.csproj", "{6D948B12-6D6B-413A-BCA2-84B103B4BA92}"
EndProject
Project("{FAE04EC0-301F-11D3-BF4B-00C04F79EFBC}") = "EK.Microservices.Command.Infrastructure", "EK.Microservices.Command.Infrastructure\EK.Microservices.Command.Infrastructure.csproj", "{529ABE0F-EFBA-4ACE-9246-605EF0AEC0E3}"
EndProject
Project("{FAE04EC0-301F-11D3-BF4B-00C04F79EFBC}") = "Microservices.EK.Command.Api", "Microservices.EK.Command.Api\Microservices.EK.Command.Api.csproj", "{17375CD5-5785-4BD2-B12B-A2EB665A8382}"
EndProject
Project("{2150E333-8FDC-42A3-9474-1A3956D46DE8}") = "Elementos de la solución", "Elementos de la solución", "{D107F4C8-89CC-BEA8-D3D7-CA6B7733353D}"
	ProjectSection(SolutionItems) = preProject
		.gitignore = .gitignore
	EndProjectSection
EndProject
Global
	GlobalSection(SolutionConfigurationPlatforms) = preSolution
		Debug|Any CPU = Debug|Any CPU
		Release|Any CPU = Release|Any CPU
	EndGlobalSection
	GlobalSection(ProjectConfigurationPlatforms) = postSolution
		{AE915075-B0CF-4323-906F-B6E4E86E2EE0}.Debug|Any CPU.ActiveCfg = Debug|Any CPU
		{AE915075-B0CF-4323-906F-B6E4E86E2EE0}.Debug|Any CPU.Build.0 = Debug|Any CPU
		{AE915075-B0CF-4323-906F-B6E4E86E2EE0}.Release|Any CPU.ActiveCfg = Release|Any CPU
		{AE915075-B0CF-4323-906F-B6E4E86E2EE0}.Release|Any CPU.Build.0 = Release|Any CPU
		{6D948B12-6D6B-413A-BCA2-84B103B4BA92}.Debug|Any CPU.ActiveCfg = Debug|Any CPU
		{6D948B12-6D6B-413A-BCA2-84B103B4BA92}.Debug|Any CPU.Build.0 = Debug|Any CPU
		{6D948B12-6D6B-413A-BCA2-84B103B4BA92}.Release|Any CPU.ActiveCfg = Release|Any CPU
		{6D948B12-6D6B-413A-BCA2-84B103B4BA92}.Release|Any CPU.Build.0 = Release|Any CPU
		{529ABE0F-EFBA-4ACE-9246-605EF0AEC0E3}.Debug|Any CPU.ActiveCfg = Debug|Any CPU
		{529ABE0F-EFBA-4ACE-9246-605EF0AEC0E3}.Debug|Any CPU.Build.0 = Debug|Any CPU
		{529ABE0F-EFBA-4ACE-9246-605EF0AEC0E3}.Release|Any CPU.ActiveCfg = Release|Any CPU
		{529ABE0F-EFBA-4ACE-9246-605EF0AEC0E3}.Release|Any CPU.Build.0 = Release|Any CPU
		{17375CD5-5785-4BD2-B12B-A2EB665A8382}.Debug|Any CPU.ActiveCfg = Debug|Any CPU
		{17375CD5-5785-4BD2-B12B-A2EB665A8382}.Debug|Any CPU.Build.0 = Debug|Any CPU
		{17375CD5-5785-4BD2-B12B-A2EB665A8382}.Release|Any CPU.ActiveCfg = Release|Any CPU
		{17375CD5-5785-4BD2-B12B-A2EB665A8382}.Release|Any CPU.Build.0 = Release|Any CPU
	EndGlobalSection
	GlobalSection(SolutionProperties) = preSolution
		HideSolutionNode = FALSE
	EndGlobalSection
	GlobalSection(NestedProjects) = preSolution
		{372956C8-0978-48AF-9A40-307763887AD6} = {02EA681E-C7D8-13C7-8484-4AC65E1B71E8}
		{65997338-D499-46EC-A532-B8594DB54BA1} = {372956C8-0978-48AF-9A40-307763887AD6}
		{AE915075-B0CF-4323-906F-B6E4E86E2EE0} = {2BF2E541-EDB7-4ECB-A514-0F521078AF50}
		{C9B9F81D-05D7-42BE-B0F8-701B1D0A6693} = {65997338-D499-46EC-A532-B8594DB54BA1}
		{3183935E-C995-4D91-B6B8-B904022FA366} = {65997338-D499-46EC-A532-B8594DB54BA1}
		{218892CD-D7BD-49F9-A1DC-A0BBE6BE1149} = {65997338-D499-46EC-A532-B8594DB54BA1}
		{6D948B12-6D6B-413A-BCA2-84B103B4BA92} = {3183935E-C995-4D91-B6B8-B904022FA366}
		{529ABE0F-EFBA-4ACE-9246-605EF0AEC0E3} = {218892CD-D7BD-49F9-A1DC-A0BBE6BE1149}
		{17375CD5-5785-4BD2-B12B-A2EB665A8382} = {C9B9F81D-05D7-42BE-B0F8-701B1D0A6693}
	EndGlobalSection
	GlobalSection(ExtensibilityGlobals) = postSolution
		SolutionGuid = {6BA6F7FB-2A16-4CDF-A563-2577A4AA2097}
	EndGlobalSection
EndGlobal
